
Microsoft Visual Studio Solution File, Format Version 12.00
# Visual Studio 15
VisualStudioVersion = 15.0.27703.2047
MinimumVisualStudioVersion = 10.0.40219.1
Project("{F2A71F9B-5D33-465A-A702-920D77279786}") = "MarketWatch", "MarketWatch.fsproj", "{88F5C179-51E3-4F3A-BA61-0C4E0318BA74}"
EndProject
Project("{FAE04EC0-301F-11D3-BF4B-00C04F79EFBC}") = "WpfControls", "..\WpfControls\WpfControls.csproj", "{6652B769-4E93-4BBD-A2AB-48DA43147BC7}"
EndProject
Global
	GlobalSection(SolutionConfigurationPlatforms) = preSolution
		Debug|Any CPU = Debug|Any CPU
		Release|Any CPU = Release|Any CPU
	EndGlobalSection
	GlobalSection(ProjectConfigurationPlatforms) = postSolution
		{88F5C179-51E3-4F3A-BA61-0C4E0318BA74}.Debug|Any CPU.ActiveCfg = Debug|Any CPU
		{88F5C179-51E3-4F3A-BA61-0C4E0318BA74}.Debug|Any CPU.Build.0 = Debug|Any CPU
		{88F5C179-51E3-4F3A-BA61-0C4E0318BA74}.Release|Any CPU.ActiveCfg = Release|Any CPU
		{88F5C179-51E3-4F3A-BA61-0C4E0318BA74}.Release|Any CPU.Build.0 = Release|Any CPU
		{6652B769-4E93-4BBD-A2AB-48DA43147BC7}.Debug|Any CPU.ActiveCfg = Debug|Any CPU
		{6652B769-4E93-4BBD-A2AB-48DA43147BC7}.Debug|Any CPU.Build.0 = Debug|Any CPU
		{6652B769-4E93-4BBD-A2AB-48DA43147BC7}.Release|Any CPU.ActiveCfg = Release|Any CPU
		{6652B769-4E93-4BBD-A2AB-48DA43147BC7}.Release|Any CPU.Build.0 = Release|Any CPU
	EndGlobalSection
	GlobalSection(SolutionProperties) = preSolution
		HideSolutionNode = FALSE
	EndGlobalSection
	GlobalSection(ExtensibilityGlobals) = postSolution
		SolutionGuid = {222A6F61-DBD9-4E75-A2B6-F1F11EC12804}
	EndGlobalSection
EndGlobal
